// !$*UTF8*$!
{
	archiveVersion = 1;
	classes = {
	};
	objectVersion = 46;
	objects = {

/* Begin PBXBuildFile section */
		C93AF8401D17788100CDE81C /* main.m in Sources */ = {isa = PBXBuildFile; fileRef = C93AF83F1D17788100CDE81C /* main.m */; };
		C93AF8481D1782CF00CDE81C /* Restaurant.m in Sources */ = {isa = PBXBuildFile; fileRef = C93AF8471D1782CF00CDE81C /* Restaurant.m */; };
		C93AF84B1D179FA000CDE81C /* BookStore.m in Sources */ = {isa = PBXBuildFile; fileRef = C93AF84A1D179FA000CDE81C /* BookStore.m */; };
		C93AF84E1D17AE2100CDE81C /* Shop.m in Sources */ = {isa = PBXBuildFile; fileRef = C93AF84D1D17AE2100CDE81C /* Shop.m */; };
/* End PBXBuildFile section */

/* Begin PBXCopyFilesBuildPhase section */
		C93AF83A1D17788100CDE81C /* CopyFiles */ = {
			isa = PBXCopyFilesBuildPhase;
			buildActionMask = 2147483647;
			dstPath = /usr/share/man/man1/;
			dstSubfolderSpec = 0;
			files = (
			);
			runOnlyForDeploymentPostprocessing = 1;
		};
/* End PBXCopyFilesBuildPhase section */

/* Begin PBXFileReference section */
		C93AF83C1D17788100CDE81C /* ArchiveTest */ = {isa = PBXFileReference; explicitFileType = "compiled.mach-o.executable"; includeInIndex = 0; path = ArchiveTest; sourceTree = BUILT_PRODUCTS_DIR; };
		C93AF83F1D17788100CDE81C /* main.m */ = {isa = PBXFileReference; lastKnownFileType = sourcecode.c.objc; path = main.m; sourceTree = "<group>"; };
		C93AF8461D1782CF00CDE81C /* Restaurant.h */ = {isa = PBXFileReference; fileEncoding = 4; lastKnownFileType = sourcecode.c.h; path = Restaurant.h; sourceTree = "<group>"; };
		C93AF8471D1782CF00CDE81C /* Restaurant.m */ = {isa = PBXFileReference; fileEncoding = 4; lastKnownFileType = sourcecode.c.objc; path = Restaurant.m; sourceTree = "<group>"; };
		C93AF8491D179FA000CDE81C /* BookStore.h */ = {isa = PBXFileReference; fileEncoding = 4; lastKnownFileType = sourcecode.c.h; path = BookStore.h; sourceTree = "<group>"; };
		C93AF84A1D179FA000CDE81C /* BookStore.m */ = {isa = PBXFileReference; fileEncoding = 4; lastKnownFileType = sourcecode.c.objc; path = BookStore.m; sourceTree = "<group>"; };
		C93AF84C1D17AE2100CDE81C /* Shop.h */ = {isa = PBXFileReference; fileEncoding = 4; lastKnownFileType = sourcecode.c.h; path = Shop.h; sourceTree = "<group>"; };
		C93AF84D1D17AE2100CDE81C /* Shop.m */ = {isa = PBXFileReference; fileEncoding = 4; lastKnownFileType = sourcecode.c.objc; path = Shop.m; sourceTree = "<group>"; };
/* End PBXFileReference section */

/* Begin PBXFrameworksBuildPhase section */
		C93AF8391D17788100CDE81C /* Frameworks */ = {
			isa = PBXFrameworksBuildPhase;
			buildActionMask = 2147483647;
			files = (
			);
			runOnlyForDeploymentPostprocessing = 0;
		};
/* End PBXFrameworksBuildPhase section */

/* Begin PBXGroup section */
		C93AF8331D17788100CDE81C = {
			isa = PBXGroup;
			children = (
				C93AF83E1D17788100CDE81C /* ArchiveTest */,
				C93AF83D1D17788100CDE81C /* Products */,
			);
			sourceTree = "<group>";
		};
		C93AF83D1D17788100CDE81C /* Products */ = {
			isa = PBXGroup;
			children = (
				C93AF83C1D17788100CDE81C /* ArchiveTest */,
			);
			name = Products;
			sourceTree = "<group>";
		};
		C93AF83E1D17788100CDE81C /* ArchiveTest */ = {
			isa = PBXGroup;
			children = (
				C93AF83F1D17788100CDE81C /* main.m */,
				C93AF8461D1782CF00CDE81C /* Restaurant.h */,
				C93AF8471D1782CF00CDE81C /* Restaurant.m */,
				C93AF8491D179FA000CDE81C /* BookStore.h */,
				C93AF84A1D179FA000CDE81C /* BookStore.m */,
				C93AF84C1D17AE2100CDE81C /* Shop.h */,
				C93AF84D1D17AE2100CDE81C /* Shop.m */,
			);
			path = ArchiveTest;
			sourceTree = "<group>";
		};
/* End PBXGroup section */

/* Begin PBXNativeTarget section */
		C93AF83B1D17788100CDE81C /* ArchiveTest */ = {
			isa = PBXNativeTarget;
			buildConfigurationList = C93AF8431D17788100CDE81C /* Build configuration list for PBXNativeTarget "ArchiveTest" */;
			buildPhases = (
				C93AF8381D17788100CDE81C /* Sources */,
				C93AF8391D17788100CDE81C /* Frameworks */,
				C93AF83A1D17788100CDE81C /* CopyFiles */,
			);
			buildRules = (
			);
			dependencies = (
			);
			name = ArchiveTest;
			productName = ArchiveTest;
			productReference = C93AF83C1D17788100CDE81C /* ArchiveTest */;
			productType = "com.apple.product-type.tool";
		};
/* End PBXNativeTarget section */

/* Begin PBXProject section */
		C93AF8341D17788100CDE81C /* Project object */ = {
			isa = PBXProject;
			attributes = {
				LastUpgradeCheck = 0730;
				ORGANIZATIONNAME = "MF839-014";
				TargetAttributes = {
					C93AF83B1D17788100CDE81C = {
						CreatedOnToolsVersion = 7.3;
					};
				};
			};
			buildConfigurationList = C93AF8371D17788100CDE81C /* Build configuration list for PBXProject "ArchiveTest" */;
			compatibilityVersion = "Xcode 3.2";
			developmentRegion = English;
			hasScannedForEncodings = 0;
			knownRegions = (
				en,
			);
			mainGroup = C93AF8331D17788100CDE81C;
			productRefGroup = C93AF83D1D17788100CDE81C /* Products */;
			projectDirPath = "";
			projectRoot = "";
			targets = (
				C93AF83B1D17788100CDE81C /* ArchiveTest */,
			);
		};
/* End PBXProject section */

/* Begin PBXSourcesBuildPhase section */
		C93AF8381D17788100CDE81C /* Sources */ = {
			isa = PBXSourcesBuildPhase;
			buildActionMask = 2147483647;
			files = (
				C93AF8481D1782CF00CDE81C /* Restaurant.m in Sources */,
				C93AF84B1D179FA000CDE81C /* BookStore.m in Sources */,
				C93AF8401D17788100CDE81C /* main.m in Sources */,
				C93AF84E1D17AE2100CDE81C /* Shop.m in Sources */,
			);
			runOnlyForDeploymentPostprocessing = 0;
		};
/* End PBXSourcesBuildPhase section */

/* Begin XCBuildConfiguration section */
		C93AF8411D17788100CDE81C /* Debug */ = {
			isa = XCBuildConfiguration;
			buildSettings = {
				ALWAYS_SEARCH_USER_PATHS = NO;
				CLANG_ANALYZER_NONNULL = YES;
				CLANG_CXX_LANGUAGE_STANDARD = "gnu++0x";
				CLANG_CXX_LIBRARY = "libc++";
				CLANG_ENABLE_MODULES = YES;
				CLANG_ENABLE_OBJC_ARC = YES;
				CLANG_WARN_BOOL_CONVERSION = YES;
				CLANG_WARN_CONSTANT_CONVERSION = YES;
				CLANG_WARN_DIRECT_OBJC_ISA_USAGE = YES_ERROR;
				CLANG_WARN_EMPTY_BODY = YES;
				CLANG_WARN_ENUM_CONVERSION = YES;
				CLANG_WARN_INT_CONVERSION = YES;
				CLANG_WARN_OBJC_ROOT_CLASS = YES_ERROR;
				CLANG_WARN_UNREACHABLE_CODE = YES;
				CLANG_WARN__DUPLICATE_METHOD_MATCH = YES;
				CODE_SIGN_IDENTITY = "-";
				COPY_PHASE_STRIP = NO;
				DEBUG_INFORMATION_FORMAT = dwarf;
				ENABLE_STRICT_OBJC_MSGSEND = YES;
				ENABLE_TESTABILITY = YES;
				GCC_C_LANGUAGE_STANDARD = gnu99;
				GCC_DYNAMIC_NO_PIC = NO;
				GCC_NO_COMMON_BLOCKS = YES;
				GCC_OPTIMIZATION_LEVEL = 0;
				GCC_PREPROCESSOR_DEFINITIONS = (
					"DEBUG=1",
					"$(inherited)",
				);
				GCC_WARN_64_TO_32_BIT_CONVERSION = YES;
				GCC_WARN_ABOUT_RETURN_TYPE = YES_ERROR;
				GCC_WARN_UNDECLARED_SELECTOR = YES;
				GCC_WARN_UNINITIALIZED_AUTOS = YES_AGGRESSIVE;
				GCC_WARN_UNUSED_FUNCTION = YES;
				GCC_WARN_UNUSED_VARIABLE = YES;
				MACOSX_DEPLOYMENT_TARGET = 10.11;
				MTL_ENABLE_DEBUG_INFO = YES;
				ONLY_ACTIVE_ARCH = YES;
				SDKROOT = macosx;
			};
			name = Debug;
		};
		C93AF8421D17788100CDE81C /* Release */ = {
			isa = XCBuildConfiguration;
			buildSettings = {
				ALWAYS_SEARCH_USER_PATHS = NO;
				CLANG_ANALYZER_NONNULL = YES;
				CLANG_CXX_LANGUAGE_STANDARD = "gnu++0x";
				CLANG_CXX_LIBRARY = "libc++";
				CLANG_ENABLE_MODULES = YES;
				CLANG_ENABLE_OBJC_ARC = YES;
				CLANG_WARN_BOOL_CONVERSION = YES;
				CLANG_WARN_CONSTANT_CONVERSION = YES;
				CLANG_WARN_DIRECT_OBJC_ISA_USAGE = YES_ERROR;
				CLANG_WARN_EMPTY_BODY = YES;
				CLANG_WARN_ENUM_CONVERSION = YES;
				CLANG_WARN_INT_CONVERSION = YES;
				CLANG_WARN_OBJC_ROOT_CLASS = YES_ERROR;
				CLANG_WARN_UNREACHABLE_CODE = YES;
				CLANG_WARN__DUPLICATE_METHOD_MATCH = YES;
				CODE_SIGN_IDENTITY = "-";
				COPY_PHASE_STRIP = NO;
				DEBUG_INFORMATION_FORMAT = "dwarf-with-dsym";
				ENABLE_NS_ASSERTIONS = NO;
				ENABLE_STRICT_OBJC_MSGSEND = YES;
				GCC_C_LANGUAGE_STANDARD = gnu99;
				GCC_NO_COMMON_BLOCKS = YES;
				GCC_WARN_64_TO_32_BIT_CONVERSION = YES;
				GCC_WARN_ABOUT_RETURN_TYPE = YES_ERROR;
				GCC_WARN_UNDECLARED_SELECTOR = YES;
				GCC_WARN_UNINITIALIZED_AUTOS = YES_AGGRESSIVE;
				GCC_WARN_UNUSED_FUNCTION = YES;
				GCC_WARN_UNUSED_VARIABLE = YES;
				MACOSX_DEPLOYMENT_TARGET = 10.11;
				MTL_ENABLE_DEBUG_INFO = NO;
				SDKROOT = macosx;
			};
			name = Release;
		};
		C93AF8441D17788100CDE81C /* Debug */ = {
			isa = XCBuildConfiguration;
			buildSettings = {
				PRODUCT_NAME = "$(TARGET_NAME)";
			};
			name = Debug;
		};
		C93AF8451D17788100CDE81C /* Release */ = {
			isa = XCBuildConfiguration;
			buildSettings = {
				PRODUCT_NAME = "$(TARGET_NAME)";
			};
			name = Release;
		};
/* End XCBuildConfiguration section */

/* Begin XCConfigurationList section */
		C93AF8371D17788100CDE81C /* Build configuration list for PBXProject "ArchiveTest" */ = {
			isa = XCConfigurationList;
			buildConfigurations = (
				C93AF8411D17788100CDE81C /* Debug */,
				C93AF8421D17788100CDE81C /* Release */,
			);
			defaultConfigurationIsVisible = 0;
			defaultConfigurationName = Release;
		};
		C93AF8431D17788100CDE81C /* Build configuration list for PBXNativeTarget "ArchiveTest" */ = {
			isa = XCConfigurationList;
			buildConfigurations = (
				C93AF8441D17788100CDE81C /* Debug */,
				C93AF8451D17788100CDE81C /* Release */,
			);
			defaultConfigurationIsVisible = 0;
		};
/* End XCConfigurationList section */
	};
	rootObject = C93AF8341D17788100CDE81C /* Project object */;
}
